{
  "version": "5",
  "specifiers": {
    "jsr:@b-fuze/deno-dom@*": "0.1.56",
    "jsr:@cliffy/ansi@^1.0.0-rc.7": "1.2.1",
    "jsr:@cliffy/command@^1.0.0-rc.7": "1.2.1",
    "jsr:@cliffy/flags@1.2.1": "1.2.1",
    "jsr:@cliffy/internal@1.2.1": "1.2.1",
    "jsr:@cliffy/table@1.2.1": "1.2.1",
    "jsr:@cliffy/table@^1.0.0-rc.7": "1.2.1",
    "jsr:@danet/core@2": "2.11.1",
    "jsr:@danet/core@^2.5.1": "2.11.1",
    "jsr:@danet/swagger@^2.1.1": "2.3.2",
    "jsr:@danet/validatte@0.7.4": "0.7.4",
    "jsr:@danet/zod@0.0.7": "0.0.7",
    "jsr:@dx/reflect@0.2.14": "0.2.14",
    "jsr:@hono/hono@4.6.3": "4.6.3",
    "jsr:@mrg-keystone/rune@1": "1.23.0",
    "jsr:@sprig/core@0.15.1": "0.15.1",
    "jsr:@std/assert@*": "1.0.19",
    "jsr:@std/assert@1": "1.0.19",
    "jsr:@std/encoding@^1.0.10": "1.0.10",
    "jsr:@std/fmt@0.223.0": "0.223.0",
    "jsr:@std/fmt@^1.0.10": "1.0.10",
    "jsr:@std/fs@1": "1.0.24",
    "jsr:@std/internal@^1.0.12": "1.0.14",
    "jsr:@std/internal@^1.0.14": "1.0.14",
    "jsr:@std/io@~0.225.3": "0.225.3",
    "jsr:@std/path@*": "1.1.5",
    "jsr:@std/path@1": "1.1.5",
    "jsr:@std/path@1.0.6": "1.0.6",
    "jsr:@std/path@^1.1.5": "1.1.5",
    "jsr:@std/semver@^1.0.8": "1.0.8",
    "jsr:@std/text@^1.0.19": "1.0.19",
    "npm:@anatine/zod-openapi@2.2.6": "2.2.6_openapi3-ts@4.6.0_zod@3.23.8",
    "npm:@preact/signals-core@^1.8.0": "1.14.3",
    "npm:awesome-phonenumber@7.1.0": "7.1.0",
    "npm:class-transformer@0.5": "0.5.1",
    "npm:class-validator@0.14": "0.14.4",
    "npm:jose@5": "5.10.0",
    "npm:path-to-regexp@6.2.1": "6.2.1",
    "npm:reflect-metadata@0.1.13": "0.1.13",
    "npm:reflect-metadata@0.2": "0.2.2",
    "npm:web-tree-sitter@0.25": "0.25.10",
    "npm:zod@3": "3.23.8",
    "npm:zod@3.23.8": "3.23.8"
  },
  "jsr": {
    "@b-fuze/deno-dom@0.1.56": {
      "integrity": "8030e2dc1d8750f1682b53462ab893d9c3470f2287feecbe22f44a88c54ab148"
    },
    "@cliffy/ansi@1.2.1": {
      "integrity": "b8702def9c0110b6eeb2b3b71e0b26cbe0a427facbb4f9c0189da0ba19feb549",
      "dependencies": [
        "jsr:@cliffy/internal",
        "jsr:@std/encoding",
        "jsr:@std/fmt@^1.0.10",
        "jsr:@std/io"
      ]
    },
    "@cliffy/command@1.2.1": {
      "integrity": "b7b017c81560d96580ea810c8564566884d8194416f6fc06bfdc8846e8fd590f",
      "dependencies": [
        "jsr:@cliffy/flags",
        "jsr:@cliffy/internal",
        "jsr:@cliffy/table@1.2.1",
        "jsr:@std/fmt@^1.0.10",
        "jsr:@std/semver",
        "jsr:@std/text"
      ]
    },
    "@cliffy/flags@1.2.1": {
      "integrity": "10034920ef7595db586fecec5a3b10a4ec800c513cbbc368414cd748dac706fb",
      "dependencies": [
        "jsr:@cliffy/internal",
        "jsr:@std/text"
      ]
    },
    "@cliffy/internal@1.2.1": {
      "integrity": "e398f41c6839d3d4d249c963bfcb1058013091425926d53a3cb482b1ca70684b"
    },
    "@cliffy/table@1.2.1": {
      "integrity": "be333e62f2c754f8bf75a38c8177515b152040572c9f75298e9bcef1314b82ff",
      "dependencies": [
        "jsr:@std/fmt@^1.0.10"
      ]
    },
    "@danet/core@2.11.1": {
      "integrity": "bf8d8cf031cbbed8253670cc4b2481803926eee140a5bc5668746d388fcb9e3d",
      "dependencies": [
        "jsr:@danet/validatte",
        "jsr:@dx/reflect",
        "jsr:@hono/hono",
        "jsr:@std/fmt@0.223.0"
      ]
    },
    "@danet/swagger@2.3.2": {
      "integrity": "3c6dbc0eff37ce9fa9bf338f1876e607264d895efcc41ac8726da417f26e9658",
      "dependencies": [
        "jsr:@danet/core@2",
        "jsr:@danet/zod",
        "jsr:@std/path@1.0.6",
        "npm:@anatine/zod-openapi",
        "npm:path-to-regexp",
        "npm:zod@3.23.8"
      ]
    },
    "@danet/validatte@0.7.4": {
      "integrity": "338bca670a5af1dd42214fcde0912de37d9a9d3ce1415cd2abdb6b1c27c46f89",
      "dependencies": [
        "npm:awesome-phonenumber"
      ]
    },
    "@danet/zod@0.0.7": {
      "integrity": "1ce7c696b69bff6bbbd788bd4a5955cd24e8c5a8cb117c57dabb03e31968bbee",
      "dependencies": [
        "jsr:@danet/core@^2.5.1",
        "npm:zod@3.23.8"
      ]
    },
    "@dx/reflect@0.2.14": {
      "integrity": "53e1cb54e25170f43d90966679fcd7d6e0d27e23f4f1c869330d339576f446be"
    },
    "@hono/hono@4.6.3": {
      "integrity": "a1f5a18cd12a0db54755b0461dd5a4e2d93a6f85403073eb710103eacc42daf3"
    },
    "@mrg-keystone/rune@1.23.0": {
      "integrity": "093cdfe93cd3f000e7494c1518aaac63d7f7d5a01a42cd2ba3acdabc6eae1a70",
      "dependencies": [
        "jsr:@danet/core@2",
        "jsr:@danet/swagger",
        "npm:class-transformer",
        "npm:class-validator",
        "npm:jose",
        "npm:reflect-metadata@0.1.13",
        "npm:zod@3"
      ]
    },
    "@sprig/core@0.15.1": {
      "integrity": "f5e646c699936b9a09ad7e446fbf417ba83109c6a072835cd112a1f4b6a68d20",
      "dependencies": [
        "jsr:@std/fs",
        "jsr:@std/path@1",
        "npm:@preact/signals-core",
        "npm:web-tree-sitter"
      ]
    },
    "@std/assert@1.0.19": {
      "integrity": "eaada96ee120cb980bc47e040f82814d786fe8162ecc53c91d8df60b8755991e",
      "dependencies": [
        "jsr:@std/internal@^1.0.12"
      ]
    },
    "@std/encoding@1.0.10": {
      "integrity": "8783c6384a2d13abd5e9e87a7ae0520a30e9f56aeeaa3bdf910a3eaaf5c811a1"
    },
    "@std/fmt@0.223.0": {
      "integrity": "6deb37794127dfc7d7bded2586b9fc6f5d50e62a8134846608baf71ffc1a5208"
    },
    "@std/fmt@1.0.10": {
      "integrity": "90dfba288802ac6de82fb31d0917eb9e4450b9925b954d5e51fc29ac07419db5"
    },
    "@std/fs@1.0.24": {
      "integrity": "f3061b45b81673a2bece689da041df32d174be064c89eb6397fb5718d3fb7877",
      "dependencies": [
        "jsr:@std/internal@^1.0.14",
        "jsr:@std/path@^1.1.5"
      ]
    },
    "@std/internal@1.0.14": {
      "integrity": "291516b3d4c35024d6ffbc0a9df5bf4c64116e05b50012cf846710152d2ffdf7"
    },
    "@std/io@0.225.3": {
      "integrity": "27b07b591384d12d7b568f39e61dff966b8230559122df1e9fd11cc068f7ddd1"
    },
    "@std/path@1.0.6": {
      "integrity": "ab2c55f902b380cf28e0eec501b4906e4c1960d13f00e11cfbcd21de15f18fed"
    },
    "@std/path@1.1.5": {
      "integrity": "ccea00982ea28c36becaf6e62f855406c76a8c32d462f66f415bbb7d83a271bc",
      "dependencies": [
        "jsr:@std/internal@^1.0.14"
      ]
    },
    "@std/semver@1.0.8": {
      "integrity": "dc830e8b8b6a380c895d53fbfd1258dc253704ca57bbe1629ac65fd7830179b7"
    },
    "@std/text@1.0.19": {
      "integrity": "003a0e032d360e8c3a4e0410fb792c77a66bd6553fee9d60c6ec1bce30d29223"
    }
  },
  "npm": {
    "@anatine/zod-openapi@2.2.6_openapi3-ts@4.6.0_zod@3.23.8": {
      "integrity": "sha512-Z5sr2Nq2xifEpPbPdUcvyl776LY652oR3VHMV++WFSmRrRL8RDP2XTkbuGn+vgfVNOD7UrndYwCWnxaiw7IZog==",
      "dependencies": [
        "openapi3-ts",
        "ts-deepmerge",
        "zod"
      ]
    },
    "@preact/signals-core@1.14.3": {
      "integrity": "sha512-m0K3vnbSLC5rHs2ZVfeAMvBtT1zIyq4mxx5OlNncSgMj5Iz6W5Rn3kPrDxAC+iIKmiVe0lSl6U37t5ZkEWoVAw=="
    },
    "@types/validator@13.15.10": {
      "integrity": "sha512-T8L6i7wCuyoK8A/ZeLYt1+q0ty3Zb9+qbSSvrIVitzT3YjZqkTZ40IbRsPanlB4h1QB3JVL1SYCdR6ngtFYcuA=="
    },
    "awesome-phonenumber@7.1.0": {
      "integrity": "sha512-i/pC5xvaNVrduufGtnw8O+abLWq70wd6YutiPYR2NqrnwtjBMk7rG/vJTktnAivSok+ZqlkFZzuVICgObpQi4w=="
    },
    "class-transformer@0.5.1": {
      "integrity": "sha512-SQa1Ws6hUbfC98vKGxZH3KFY0Y1lm5Zm0SY8XX9zbK7FJCyVEac3ATW0RIpwzW+oOfmHE5PMPufDG9hCfoEOMw=="
    },
    "class-validator@0.14.4": {
      "integrity": "sha512-AwNusCCam51q703dW82x95tOqQp6oC9HNUl724KxJJOfnKscI8dOloXFgyez7LbTTKWuRBA37FScqVbJEoq8Yw==",
      "dependencies": [
        "@types/validator",
        "libphonenumber-js",
        "validator"
      ]
    },
    "jose@5.10.0": {
      "integrity": "sha512-s+3Al/p9g32Iq+oqXxkW//7jk2Vig6FF1CFqzVXoTUXt2qz89YWbL+OwS17NFYEvxC35n0FKeGO2LGYSxeM2Gg=="
    },
    "libphonenumber-js@1.13.7": {
      "integrity": "sha512-rvr3HIMdOgzhz1RFGjftji+wjoAFlzhqCNqJOU/MKTZQ8d9NZxAR/tI+0weDicyoucqVR0U1GCniqHJ0f8aM2A=="
    },
    "openapi3-ts@4.6.0": {
      "integrity": "sha512-a4sfn6L2sIShhtzJqmjGrARvxAW/3F2BJDdyRVvNF9VhAsZSh5hSyI3a9TNvmzBxXmq66nY5LNT5bQcBxYAZZg==",
      "dependencies": [
        "yaml"
      ]
    },
    "path-to-regexp@6.2.1": {
      "integrity": "sha512-JLyh7xT1kizaEvcaXOQwOc2/Yhw6KZOvPf1S8401UyLk86CU79LN3vl7ztXGm/pZ+YjoyAJ4rxmHwbkBXJX+yw=="
    },
    "reflect-metadata@0.1.13": {
      "integrity": "sha512-Ts1Y/anZELhSsjMcU605fU9RE4Oi3p5ORujwbIKXfWa+0Zxs510Qrmrce5/Jowq3cHSZSJqBjypxmHarc+vEWg=="
    },
    "reflect-metadata@0.2.2": {
      "integrity": "sha512-urBwgfrvVP/eAyXx4hluJivBKzuEbSQs9rKWCrCkbSxNv8mxPcUZKeuoF3Uy4mJl3Lwprp6yy5/39VWigZ4K6Q=="
    },
    "ts-deepmerge@6.2.1": {
      "integrity": "sha512-8CYSLazCyj0DJDpPIxOFzJG46r93uh6EynYjuey+bxcLltBeqZL7DMfaE5ZPzZNFlav7wx+2TDa/mBl8gkTYzw=="
    },
    "validator@13.15.35": {
      "integrity": "sha512-TQ5pAGhd5whStmqWvYF4OjQROlmv9SMFVt37qoCBdqRffuuklWYQlCNnEs2ZaIBD1kZRNnikiZOS1eqgkar0iw=="
    },
    "web-tree-sitter@0.25.10": {
      "integrity": "sha512-Y09sF44/13XvgVKgO2cNDw5rGk6s26MgoZPXLESvMXeefBf7i6/73eFurre0IsTW6E14Y0ArIzhUMmjoc7xyzA=="
    },
    "yaml@2.9.0": {
      "integrity": "sha512-2AvhNX3mb8zd6Zy7INTtSpl1F15HW6Wnqj0srWlkKLcpYl/gMIMJiyuGq2KeI2YFxUPjdlB+3Lc10seMLtL4cA==",
      "bin": true
    },
    "zod@3.23.8": {
      "integrity": "sha512-XBx9AXhXktjUqnepgTiE5flcKIYWi/rme0Eaj+5Y0lftuGBq+jyRu/md4WnuxqgP1ubdpNCsYEYPxrzVHD8d6g=="
    }
  },
  "workspace": {
    "dependencies": [
      "jsr:@std/assert@1",
      "jsr:@std/fs@1",
      "jsr:@std/path@1",
      "npm:@preact/signals-core@^1.8.0",
      "npm:web-tree-sitter@0.25"
    ],
    "members": {
      "app": {
        "dependencies": [
          "jsr:@std/assert@1",
          "jsr:@std/fs@1",
          "jsr:@std/path@1",
          "npm:@preact/signals-core@^1.8.0",
          "npm:web-tree-sitter@0.25"
        ]
      },
      "cli": {
        "dependencies": [
          "jsr:@cliffy/ansi@^1.0.0-rc.7",
          "jsr:@cliffy/command@^1.0.0-rc.7",
          "jsr:@cliffy/table@^1.0.0-rc.7",
          "jsr:@std/fs@1",
          "jsr:@std/path@1"
        ]
      },
      "server": {
        "dependencies": [
          "jsr:@danet/swagger@^2.1.1",
          "jsr:@mrg-keystone/rune@1",
          "jsr:@std/assert@*",
          "jsr:@std/path@*",
          "npm:class-transformer@0.5",
          "npm:class-validator@0.14",
          "npm:reflect-metadata@0.2"
        ]
      }
    }
  }
}
